// !$*UTF8*$!
{
	archiveVersion = 1;
	classes = {
	};
	objectVersion = 46;
	objects = {

/* Begin PBXBuildFile section */
		484F4BEA1EAA63A300754888 /* AppDelegate.swift in Sources */ = {isa = PBXBuildFile; fileRef = 484F4BE91EAA63A300754888 /* AppDelegate.swift */; };
		484F4BEC1EAA63A300754888 /* MainViewController.swift in Sources */ = {isa = PBXBuildFile; fileRef = 484F4BEB1EAA63A300754888 /* MainViewController.swift */; };
		484F4BEF1EAA63A300754888 /* Main.storyboard in Resources */ = {isa = PBXBuildFile; fileRef = 484F4BED1EAA63A300754888 /* Main.storyboard */; };
		484F4BF11EAA63A300754888 /* Assets.xcassets in Resources */ = {isa = PBXBuildFile; fileRef = 484F4BF01EAA63A300754888 /* Assets.xcassets */; };
		484F4BF41EAA63A300754888 /* LaunchScreen.storyboard in Resources */ = {isa = PBXBuildFile; fileRef = 484F4BF21EAA63A300754888 /* LaunchScreen.storyboard */; };
		484F4BFE1EAA6D3900754888 /* HealthKit.framework in Frameworks */ = {isa = PBXBuildFile; fileRef = 484F4BFD1EAA6D3900754888 /* HealthKit.framework */; };
		484F4C021EAB680100754888 /* CounterView.swift in Sources */ = {isa = PBXBuildFile; fileRef = 484F4C011EAB680100754888 /* CounterView.swift */; };
		484F4C0C1EACE50700754888 /* HealthKitManager.swift in Sources */ = {isa = PBXBuildFile; fileRef = 484F4C0B1EACE50700754888 /* HealthKitManager.swift */; };
		484F4C0E1EADBC7000754888 /* RoundImageView.swift in Sources */ = {isa = PBXBuildFile; fileRef = 484F4C0D1EADBC7000754888 /* RoundImageView.swift */; };
		484F4C111EAE188C00754888 /* CalenderManager.swift in Sources */ = {isa = PBXBuildFile; fileRef = 484F4C101EAE188C00754888 /* CalenderManager.swift */; };
		484F4C4D1EB18A6600754888 /* FBLoginViewController.swift in Sources */ = {isa = PBXBuildFile; fileRef = 484F4C4C1EB18A6600754888 /* FBLoginViewController.swift */; };
		C7C0D1302CDBE2744C7DF0E5 /* Pods_OnTheWayMain.framework in Frameworks */ = {isa = PBXBuildFile; fileRef = A5EC7EF12DAFBC3051C4FB61 /* Pods_OnTheWayMain.framework */; };
/* End PBXBuildFile section */

/* Begin PBXFileReference section */
		484F4BE61EAA63A300754888 /* OnTheWayMain.app */ = {isa = PBXFileReference; explicitFileType = wrapper.application; includeInIndex = 0; path = OnTheWayMain.app; sourceTree = BUILT_PRODUCTS_DIR; };
		484F4BE91EAA63A300754888 /* AppDelegate.swift */ = {isa = PBXFileReference; lastKnownFileType = sourcecode.swift; path = AppDelegate.swift; sourceTree = "<group>"; };
		484F4BEB1EAA63A300754888 /* MainViewController.swift */ = {isa = PBXFileReference; lastKnownFileType = sourcecode.swift; path = MainViewController.swift; sourceTree = "<group>"; };
		484F4BEE1EAA63A300754888 /* Base */ = {isa = PBXFileReference; lastKnownFileType = file.storyboard; name = Base; path = Base.lproj/Main.storyboard; sourceTree = "<group>"; };
		484F4BF01EAA63A300754888 /* Assets.xcassets */ = {isa = PBXFileReference; lastKnownFileType = folder.assetcatalog; path = Assets.xcassets; sourceTree = "<group>"; };
		484F4BF31EAA63A300754888 /* Base */ = {isa = PBXFileReference; lastKnownFileType = file.storyboard; name = Base; path = Base.lproj/LaunchScreen.storyboard; sourceTree = "<group>"; };
		484F4BF51EAA63A300754888 /* Info.plist */ = {isa = PBXFileReference; lastKnownFileType = text.plist.xml; path = Info.plist; sourceTree = "<group>"; };
		484F4BFB1EAA6D3900754888 /* OnTheWayMain.entitlements */ = {isa = PBXFileReference; lastKnownFileType = text.plist.entitlements; path = OnTheWayMain.entitlements; sourceTree = "<group>"; };
		484F4BFD1EAA6D3900754888 /* HealthKit.framework */ = {isa = PBXFileReference; lastKnownFileType = wrapper.framework; name = HealthKit.framework; path = System/Library/Frameworks/HealthKit.framework; sourceTree = SDKROOT; };
		484F4C011EAB680100754888 /* CounterView.swift */ = {isa = PBXFileReference; fileEncoding = 4; lastKnownFileType = sourcecode.swift; path = CounterView.swift; sourceTree = "<group>"; };
		484F4C0B1EACE50700754888 /* HealthKitManager.swift */ = {isa = PBXFileReference; fileEncoding = 4; lastKnownFileType = sourcecode.swift; path = HealthKitManager.swift; sourceTree = "<group>"; };
		484F4C0D1EADBC7000754888 /* RoundImageView.swift */ = {isa = PBXFileReference; fileEncoding = 4; lastKnownFileType = sourcecode.swift; path = RoundImageView.swift; sourceTree = "<group>"; };
		484F4C101EAE188C00754888 /* CalenderManager.swift */ = {isa = PBXFileReference; fileEncoding = 4; lastKnownFileType = sourcecode.swift; path = CalenderManager.swift; sourceTree = "<group>"; };
		484F4C4C1EB18A6600754888 /* FBLoginViewController.swift */ = {isa = PBXFileReference; fileEncoding = 4; lastKnownFileType = sourcecode.swift; path = FBLoginViewController.swift; sourceTree = "<group>"; };
		A5EC7EF12DAFBC3051C4FB61 /* Pods_OnTheWayMain.framework */ = {isa = PBXFileReference; explicitFileType = wrapper.framework; includeInIndex = 0; path = Pods_OnTheWayMain.framework; sourceTree = BUILT_PRODUCTS_DIR; };
		E5106E9AA442509311D8C8FC /* Pods-OnTheWayMain.release.xcconfig */ = {isa = PBXFileReference; includeInIndex = 1; lastKnownFileType = text.xcconfig; name = "Pods-OnTheWayMain.release.xcconfig"; path = "Pods/Target Support Files/Pods-OnTheWayMain/Pods-OnTheWayMain.release.xcconfig"; sourceTree = "<group>"; };
		EB73A659E1DDED87118D3541 /* Pods-OnTheWayMain.debug.xcconfig */ = {isa = PBXFileReference; includeInIndex = 1; lastKnownFileType = text.xcconfig; name = "Pods-OnTheWayMain.debug.xcconfig"; path = "Pods/Target Support Files/Pods-OnTheWayMain/Pods-OnTheWayMain.debug.xcconfig"; sourceTree = "<group>"; };
/* End PBXFileReference section */

/* Begin PBXFrameworksBuildPhase section */
		484F4BE31EAA63A300754888 /* Frameworks */ = {
			isa = PBXFrameworksBuildPhase;
			buildActionMask = 2147483647;
			files = (
				484F4BFE1EAA6D3900754888 /* HealthKit.framework in Frameworks */,
				C7C0D1302CDBE2744C7DF0E5 /* Pods_OnTheWayMain.framework in Frameworks */,
			);
			runOnlyForDeploymentPostprocessing = 0;
		};
/* End PBXFrameworksBuildPhase section */

/* Begin PBXGroup section */
		484F4BDD1EAA63A300754888 = {
			isa = PBXGroup;
			children = (
				484F4BE81EAA63A300754888 /* OnTheWayMain */,
				484F4BE71EAA63A300754888 /* Products */,
				484F4BFC1EAA6D3900754888 /* Frameworks */,
				D16C1A4D99146CEFF27D6CA6 /* Pods */,
			);
			sourceTree = "<group>";
		};
		484F4BE71EAA63A300754888 /* Products */ = {
			isa = PBXGroup;
			children = (
				484F4BE61EAA63A300754888 /* OnTheWayMain.app */,
			);
			name = Products;
			sourceTree = "<group>";
		};
		484F4BE81EAA63A300754888 /* OnTheWayMain */ = {
			isa = PBXGroup;
			children = (
				484F4BFB1EAA6D3900754888 /* OnTheWayMain.entitlements */,
				484F4BE91EAA63A300754888 /* AppDelegate.swift */,
				484F4BEB1EAA63A300754888 /* MainViewController.swift */,
				484F4C101EAE188C00754888 /* CalenderManager.swift */,
				484F4C4C1EB18A6600754888 /* FBLoginViewController.swift */,
				484F4C0D1EADBC7000754888 /* RoundImageView.swift */,
				484F4BED1EAA63A300754888 /* Main.storyboard */,
				484F4C011EAB680100754888 /* CounterView.swift */,
				484F4C0B1EACE50700754888 /* HealthKitManager.swift */,
				484F4BF01EAA63A300754888 /* Assets.xcassets */,
				484F4BF21EAA63A300754888 /* LaunchScreen.storyboard */,
				484F4BF51EAA63A300754888 /* Info.plist */,
			);
			path = OnTheWayMain;
			sourceTree = "<group>";
		};
		484F4BFC1EAA6D3900754888 /* Frameworks */ = {
			isa = PBXGroup;
			children = (
				484F4BFD1EAA6D3900754888 /* HealthKit.framework */,
				A5EC7EF12DAFBC3051C4FB61 /* Pods_OnTheWayMain.framework */,
			);
			name = Frameworks;
			sourceTree = "<group>";
		};
		D16C1A4D99146CEFF27D6CA6 /* Pods */ = {
			isa = PBXGroup;
			children = (
				EB73A659E1DDED87118D3541 /* Pods-OnTheWayMain.debug.xcconfig */,
				E5106E9AA442509311D8C8FC /* Pods-OnTheWayMain.release.xcconfig */,
			);
			name = Pods;
			sourceTree = "<group>";
		};
/* End PBXGroup section */

/* Begin PBXNativeTarget section */
		484F4BE51EAA63A300754888 /* OnTheWayMain */ = {
			isa = PBXNativeTarget;
			buildConfigurationList = 484F4BF81EAA63A300754888 /* Build configuration list for PBXNativeTarget "OnTheWayMain" */;
			buildPhases = (
				61588F69978992A121652C76 /* [CP] Check Pods Manifest.lock */,
				484F4BE21EAA63A300754888 /* Sources */,
				484F4BE31EAA63A300754888 /* Frameworks */,
				484F4BE41EAA63A300754888 /* Resources */,
				AD7AF2A4EBAABB73E40C9054 /* [CP] Embed Pods Frameworks */,
				10473B0E126EE86AC3A9AC0F /* [CP] Copy Pods Resources */,
			);
			buildRules = (
			);
			dependencies = (
			);
			name = OnTheWayMain;
			productName = OnTheWayMain;
			productReference = 484F4BE61EAA63A300754888 /* OnTheWayMain.app */;
			productType = "com.apple.product-type.application";
		};
/* End PBXNativeTarget section */

/* Begin PBXProject section */
		484F4BDE1EAA63A300754888 /* Project object */ = {
			isa = PBXProject;
			attributes = {
				LastSwiftUpdateCheck = 0830;
				LastUpgradeCheck = 0830;
				ORGANIZATIONNAME = junwoo;
				TargetAttributes = {
					484F4BE51EAA63A300754888 = {
						CreatedOnToolsVersion = 8.3.2;
						DevelopmentTeam = TM6U8P8E5J;
						ProvisioningStyle = Automatic;
						SystemCapabilities = {
							com.apple.HealthKit = {
								enabled = 1;
							};
							com.apple.WAC = {
								enabled = 0;
							};
						};
					};
				};
			};
			buildConfigurationList = 484F4BE11EAA63A300754888 /* Build configuration list for PBXProject "OnTheWayMain" */;
			compatibilityVersion = "Xcode 3.2";
			developmentRegion = English;
			hasScannedForEncodings = 0;
			knownRegions = (
				en,
				Base,
			);
			mainGroup = 484F4BDD1EAA63A300754888;
			productRefGroup = 484F4BE71EAA63A300754888 /* Products */;
			projectDirPath = "";
			projectRoot = "";
			targets = (
				484F4BE51EAA63A300754888 /* OnTheWayMain */,
			);
		};
/* End PBXProject section */

/* Begin PBXResourcesBuildPhase section */
		484F4BE41EAA63A300754888 /* Resources */ = {
			isa = PBXResourcesBuildPhase;
			buildActionMask = 2147483647;
			files = (
				484F4BF41EAA63A300754888 /* LaunchScreen.storyboard in Resources */,
				484F4BF11EAA63A300754888 /* Assets.xcassets in Resources */,
				484F4BEF1EAA63A300754888 /* Main.storyboard in Resources */,
			);
			runOnlyForDeploymentPostprocessing = 0;
		};
/* End PBXResourcesBuildPhase section */

/* Begin PBXShellScriptBuildPhase section */
		10473B0E126EE86AC3A9AC0F /* [CP] Copy Pods Resources */ = {
			isa = PBXShellScriptBuildPhase;
			buildActionMask = 2147483647;
			files = (
			);
			inputPaths = (
			);
			name = "[CP] Copy Pods Resources";
			outputPaths = (
			);
			runOnlyForDeploymentPostprocessing = 0;
			shellPath = /bin/sh;
			shellScript = "\"${SRCROOT}/Pods/Target Support Files/Pods-OnTheWayMain/Pods-OnTheWayMain-resources.sh\"\n";
			showEnvVarsInLog = 0;
		};
		61588F69978992A121652C76 /* [CP] Check Pods Manifest.lock */ = {
			isa = PBXShellScriptBuildPhase;
			buildActionMask = 2147483647;
			files = (
			);
			inputPaths = (
			);
			name = "[CP] Check Pods Manifest.lock";
			outputPaths = (
			);
			runOnlyForDeploymentPostprocessing = 0;
			shellPath = /bin/sh;
			shellScript = "diff \"${PODS_PODFILE_DIR_PATH}/Podfile.lock\" \"${PODS_ROOT}/Manifest.lock\" > /dev/null\nif [ $? != 0 ] ; then\n    # print error to STDERR\n    echo \"error: The sandbox is not in sync with the Podfile.lock. Run 'pod install' or update your CocoaPods installation.\" >&2\n    exit 1\nfi\n";
			showEnvVarsInLog = 0;
		};
		AD7AF2A4EBAABB73E40C9054 /* [CP] Embed Pods Frameworks */ = {
			isa = PBXShellScriptBuildPhase;
			buildActionMask = 2147483647;
			files = (
			);
			inputPaths = (
			);
			name = "[CP] Embed Pods Frameworks";
			outputPaths = (
			);
			runOnlyForDeploymentPostprocessing = 0;
			shellPath = /bin/sh;
			shellScript = "\"${SRCROOT}/Pods/Target Support Files/Pods-OnTheWayMain/Pods-OnTheWayMain-frameworks.sh\"\n";
			showEnvVarsInLog = 0;
		};
/* End PBXShellScriptBuildPhase section */

/* Begin PBXSourcesBuildPhase section */
		484F4BE21EAA63A300754888 /* Sources */ = {
			isa = PBXSourcesBuildPhase;
			buildActionMask = 2147483647;
			files = (
				484F4C0E1EADBC7000754888 /* RoundImageView.swift in Sources */,
				484F4BEC1EAA63A300754888 /* MainViewController.swift in Sources */,
				484F4BEA1EAA63A300754888 /* AppDelegate.swift in Sources */,
				484F4C0C1EACE50700754888 /* HealthKitManager.swift in Sources */,
				484F4C4D1EB18A6600754888 /* FBLoginViewController.swift in Sources */,
				484F4C021EAB680100754888 /* CounterView.swift in Sources */,
				484F4C111EAE188C00754888 /* CalenderManager.swift in Sources */,
			);
			runOnlyForDeploymentPostprocessing = 0;
		};
/* End PBXSourcesBuildPhase section */

/* Begin PBXVariantGroup section */
		484F4BED1EAA63A300754888 /* Main.storyboard */ = {
			isa = PBXVariantGroup;
			children = (
				484F4BEE1EAA63A300754888 /* Base */,
			);
			name = Main.storyboard;
			sourceTree = "<group>";
		};
		484F4BF21EAA63A300754888 /* LaunchScreen.storyboard */ = {
			isa = PBXVariantGroup;
			children = (
				484F4BF31EAA63A300754888 /* Base */,
			);
			name = LaunchScreen.storyboard;
			sourceTree = "<group>";
		};
/* End PBXVariantGroup section */

/* Begin XCBuildConfiguration section */
		484F4BF61EAA63A300754888 /* Debug */ = {
			isa = XCBuildConfiguration;
			buildSettings = {
				ALWAYS_SEARCH_USER_PATHS = NO;
				CLANG_ANALYZER_NONNULL = YES;
				CLANG_ANALYZER_NUMBER_OBJECT_CONVERSION = YES_AGGRESSIVE;
				CLANG_CXX_LANGUAGE_STANDARD = "gnu++0x";
				CLANG_CXX_LIBRARY = "libc++";
				CLANG_ENABLE_MODULES = YES;
				CLANG_ENABLE_OBJC_ARC = YES;
				CLANG_WARN_BOOL_CONVERSION = YES;
				CLANG_WARN_CONSTANT_CONVERSION = YES;
				CLANG_WARN_DIRECT_OBJC_ISA_USAGE = YES_ERROR;
				CLANG_WARN_DOCUMENTATION_COMMENTS = YES;
				CLANG_WARN_EMPTY_BODY = YES;
				CLANG_WARN_ENUM_CONVERSION = YES;
				CLANG_WARN_INFINITE_RECURSION = YES;
				CLANG_WARN_INT_CONVERSION = YES;
				CLANG_WARN_OBJC_ROOT_CLASS = YES_ERROR;
				CLANG_WARN_SUSPICIOUS_MOVE = YES;
				CLANG_WARN_UNREACHABLE_CODE = YES;
				CLANG_WARN__DUPLICATE_METHOD_MATCH = YES;
				"CODE_SIGN_IDENTITY[sdk=iphoneos*]" = "iPhone Developer";
				COPY_PHASE_STRIP = NO;
				DEBUG_INFORMATION_FORMAT = dwarf;
				ENABLE_STRICT_OBJC_MSGSEND = YES;
				ENABLE_TESTABILITY = YES;
				GCC_C_LANGUAGE_STANDARD = gnu99;
				GCC_DYNAMIC_NO_PIC = NO;
				GCC_NO_COMMON_BLOCKS = YES;
				GCC_OPTIMIZATION_LEVEL = 0;
				GCC_PREPROCESSOR_DEFINITIONS = (
					"DEBUG=1",
					"$(inherited)",
				);
				GCC_WARN_64_TO_32_BIT_CONVERSION = YES;
				GCC_WARN_ABOUT_RETURN_TYPE = YES_ERROR;
				GCC_WARN_UNDECLARED_SELECTOR = YES;
				GCC_WARN_UNINITIALIZED_AUTOS = YES_AGGRESSIVE;
				GCC_WARN_UNUSED_FUNCTION = YES;
				GCC_WARN_UNUSED_VARIABLE = YES;
				IPHONEOS_DEPLOYMENT_TARGET = 10.3;
				MTL_ENABLE_DEBUG_INFO = YES;
				ONLY_ACTIVE_ARCH = YES;
				SDKROOT = iphoneos;
				SWIFT_ACTIVE_COMPILATION_CONDITIONS = DEBUG;
				SWIFT_OPTIMIZATION_LEVEL = "-Onone";
				TARGETED_DEVICE_FAMILY = "1,2";
			};
			name = Debug;
		};
		484F4BF71EAA63A300754888 /* Release */ = {
			isa = XCBuildConfiguration;
			buildSettings = {
				ALWAYS_SEARCH_USER_PATHS = NO;
				CLANG_ANALYZER_NONNULL = YES;
				CLANG_ANALYZER_NUMBER_OBJECT_CONVERSION = YES_AGGRESSIVE;
				CLANG_CXX_LANGUAGE_STANDARD = "gnu++0x";
				CLANG_CXX_LIBRARY = "libc++";
				CLANG_ENABLE_MODULES = YES;
				CLANG_ENABLE_OBJC_ARC = YES;
				CLANG_WARN_BOOL_CONVERSION = YES;
				CLANG_WARN_CONSTANT_CONVERSION = YES;
				CLANG_WARN_DIRECT_OBJC_ISA_USAGE = YES_ERROR;
				CLANG_WARN_DOCUMENTATION_COMMENTS = YES;
				CLANG_WARN_EMPTY_BODY = YES;
				CLANG_WARN_ENUM_CONVERSION = YES;
				CLANG_WARN_INFINITE_RECURSION = YES;
				CLANG_WARN_INT_CONVERSION = YES;
				CLANG_WARN_OBJC_ROOT_CLASS = YES_ERROR;
				CLANG_WARN_SUSPICIOUS_MOVE = YES;
				CLANG_WARN_UNREACHABLE_CODE = YES;
				CLANG_WARN__DUPLICATE_METHOD_MATCH = YES;
				"CODE_SIGN_IDENTITY[sdk=iphoneos*]" = "iPhone Developer";
				COPY_PHASE_STRIP = NO;
				DEBUG_INFORMATION_FORMAT = "dwarf-with-dsym";
				ENABLE_NS_ASSERTIONS = NO;
				ENABLE_STRICT_OBJC_MSGSEND = YES;
				GCC_C_LANGUAGE_STANDARD = gnu99;
				GCC_NO_COMMON_BLOCKS = YES;
				GCC_WARN_64_TO_32_BIT_CONVERSION = YES;
				GCC_WARN_ABOUT_RETURN_TYPE = YES_ERROR;
				GCC_WARN_UNDECLARED_SELECTOR = YES;
				GCC_WARN_UNINITIALIZED_AUTOS = YES_AGGRESSIVE;
				GCC_WARN_UNUSED_FUNCTION = YES;
				GCC_WARN_UNUSED_VARIABLE = YES;
				IPHONEOS_DEPLOYMENT_TARGET = 10.3;
				MTL_ENABLE_DEBUG_INFO = NO;
				SDKROOT = iphoneos;
				SWIFT_OPTIMIZATION_LEVEL = "-Owholemodule";
				TARGETED_DEVICE_FAMILY = "1,2";
				VALIDATE_PRODUCT = YES;
			};
			name = Release;
		};
		484F4BF91EAA63A300754888 /* Debug */ = {
			isa = XCBuildConfiguration;
			baseConfigurationReference = EB73A659E1DDED87118D3541 /* Pods-OnTheWayMain.debug.xcconfig */;
			buildSettings = {
				ASSETCATALOG_COMPILER_APPICON_NAME = AppIcon;
				CODE_SIGN_ENTITLEMENTS = OnTheWayMain/OnTheWayMain.entitlements;
				DEVELOPMENT_TEAM = TM6U8P8E5J;
				ENABLE_BITCODE = YES;
				INFOPLIST_FILE = OnTheWayMain/Info.plist;
				LD_RUNPATH_SEARCH_PATHS = "$(inherited) @executable_path/Frameworks";
				PRODUCT_BUNDLE_IDENTIFIER = codesquad.kr.OnTheWayMain;
				PRODUCT_NAME = "$(TARGET_NAME)";
				SWIFT_VERSION = 3.0;
			};
			name = Debug;
		};
		484F4BFA1EAA63A300754888 /* Release */ = {
			isa = XCBuildConfiguration;
			baseConfigurationReference = E5106E9AA442509311D8C8FC /* Pods-OnTheWayMain.release.xcconfig */;
			buildSettings = {
				ASSETCATALOG_COMPILER_APPICON_NAME = AppIcon;
				CODE_SIGN_ENTITLEMENTS = OnTheWayMain/OnTheWayMain.entitlements;
				DEVELOPMENT_TEAM = TM6U8P8E5J;
				ENABLE_BITCODE = YES;
				"FRAMEWORK_SEARCH_PATHS[arch=*]" = "/Users/junwoo/Documents/FacebookSDKs-iOS-4.22.0";
				INFOPLIST_FILE = OnTheWayMain/Info.plist;
				LD_RUNPATH_SEARCH_PATHS = "$(inherited) @executable_path/Frameworks";
				PRODUCT_BUNDLE_IDENTIFIER = codesquad.kr.OnTheWayMain;
				PRODUCT_NAME = "$(TARGET_NAME)";
				SWIFT_VERSION = 3.0;
			};
			name = Release;
		};
/* End XCBuildConfiguration section */

/* Begin XCConfigurationList section */
		484F4BE11EAA63A300754888 /* Build configuration list for PBXProject "OnTheWayMain" */ = {
			isa = XCConfigurationList;
			buildConfigurations = (
				484F4BF61EAA63A300754888 /* Debug */,
				484F4BF71EAA63A300754888 /* Release */,
			);
			defaultConfigurationIsVisible = 0;
			defaultConfigurationName = Release;
		};
		484F4BF81EAA63A300754888 /* Build configuration list for PBXNativeTarget "OnTheWayMain" */ = {
			isa = XCConfigurationList;
			buildConfigurations = (
				484F4BF91EAA63A300754888 /* Debug */,
				484F4BFA1EAA63A300754888 /* Release */,
			);
			defaultConfigurationIsVisible = 0;
			defaultConfigurationName = Release;
		};
/* End XCConfigurationList section */
	};
	rootObject = 484F4BDE1EAA63A300754888 /* Project object */;
}
